
Microsoft Visual Studio Solution File, Format Version 12.00
# Visual Studio 15
Project("{FAE04EC0-301F-11D3-BF4B-00C04F79EFBC}") = "Assembly-CSharp", "Assembly-CSharp.csproj", "{9D8A7FE0-683C-A362-7EB3-A7BC971E7368}"
EndProject
Project("{FAE04EC0-301F-11D3-BF4B-00C04F79EFBC}") = "Assembly-CSharp-Editor", "Assembly-CSharp-Editor.csproj", "{F3942E8B-06C2-AFBA-6093-8DC056CD3AC0}"
EndProject
Global
	GlobalSection(SolutionConfigurationPlatforms) = preSolution
		Debug|Any CPU = Debug|Any CPU
		Release|Any CPU = Release|Any CPU
	EndGlobalSection
	GlobalSection(ProjectConfigurationPlatforms) = postSolution
		{9D8A7FE0-683C-A362-7EB3-A7BC971E7368}.Debug|Any CPU.ActiveCfg = Debug|Any CPU
		{9D8A7FE0-683C-A362-7EB3-A7BC971E7368}.Debug|Any CPU.Build.0 = Debug|Any CPU
		{9D8A7FE0-683C-A362-7EB3-A7BC971E7368}.Release|Any CPU.ActiveCfg = Release|Any CPU
		{9D8A7FE0-683C-A362-7EB3-A7BC971E7368}.Release|Any CPU.Build.0 = Release|Any CPU
		{F3942E8B-06C2-AFBA-6093-8DC056CD3AC0}.Debug|Any CPU.ActiveCfg = Debug|Any CPU
		{F3942E8B-06C2-AFBA-6093-8DC056CD3AC0}.Debug|Any CPU.Build.0 = Debug|Any CPU
		{F3942E8B-06C2-AFBA-6093-8DC056CD3AC0}.Release|Any CPU.ActiveCfg = Release|Any CPU
		{F3942E8B-06C2-AFBA-6093-8DC056CD3AC0}.Release|Any CPU.Build.0 = Release|Any CPU
	EndGlobalSection
	GlobalSection(SolutionProperties) = preSolution
		HideSolutionNode = FALSE
	EndGlobalSection
EndGlobal
